
Microsoft Visual Studio Solution File, Format Version 12.00
# Visual Studio 15
VisualStudioVersion = 15.0.28307.572
MinimumVisualStudioVersion = 10.0.40219.1
Project("{888888A0-9F3D-457C-B088-3A5042F75D52}") = "验证码破译", "验证码破译\验证码破译.pyproj", "{F587DCB0-C867-4FBB-B851-95DA6EE571EF}"
EndProject
Global
	GlobalSection(SolutionConfigurationPlatforms) = preSolution
		Debug|Any CPU = Debug|Any CPU
		Release|Any CPU = Release|Any CPU
	EndGlobalSection
	GlobalSection(ProjectConfigurationPlatforms) = postSolution
		{F587DCB0-C867-4FBB-B851-95DA6EE571EF}.Debug|Any CPU.ActiveCfg = Debug|Any CPU
		{F587DCB0-C867-4FBB-B851-95DA6EE571EF}.Release|Any CPU.ActiveCfg = Release|Any CPU
	EndGlobalSection
	GlobalSection(SolutionProperties) = preSolution
		HideSolutionNode = FALSE
	EndGlobalSection
	GlobalSection(ExtensibilityGlobals) = postSolution
		SolutionGuid = {699791B7-4637-4438-BC54-4EE89135C9FF}
	EndGlobalSection
EndGlobal
